
Microsoft Visual Studio Solution File, Format Version 12.00
# Visual Studio Version 17
VisualStudioVersion = 17.14.36301.6 d17.14
MinimumVisualStudioVersion = 10.0.40219.1
Project("{FAE04EC0-301F-11D3-BF4B-00C04F79EFBC}") = "ElasticExamples", "ElasticExamples\ElasticExamples.csproj", "{56B83DDA-DE22-4989-BD71-C54B174516A3}"
EndProject
Global
	GlobalSection(SolutionConfigurationPlatforms) = preSolution
		Debug|Any CPU = Debug|Any CPU
		Release|Any CPU = Release|Any CPU
	EndGlobalSection
	GlobalSection(ProjectConfigurationPlatforms) = postSolution
		{56B83DDA-DE22-4989-BD71-C54B174516A3}.Debug|Any CPU.ActiveCfg = Debug|Any CPU
		{56B83DDA-DE22-4989-BD71-C54B174516A3}.Debug|Any CPU.Build.0 = Debug|Any CPU
		{56B83DDA-DE22-4989-BD71-C54B174516A3}.Release|Any CPU.ActiveCfg = Release|Any CPU
		{56B83DDA-DE22-4989-BD71-C54B174516A3}.Release|Any CPU.Build.0 = Release|Any CPU
	EndGlobalSection
	GlobalSection(SolutionProperties) = preSolution
		HideSolutionNode = FALSE
	EndGlobalSection
	GlobalSection(ExtensibilityGlobals) = postSolution
		SolutionGuid = {29C22CAA-07C5-4613-BC16-AE62CEE80C34}
	EndGlobalSection
EndGlobal
